
Microsoft Visual Studio Solution File, Format Version 12.00
# Visual Studio 2013
VisualStudioVersion = 12.0.31101.0
MinimumVisualStudioVersion = 10.0.40219.1
Project("{FAE04EC0-301F-11D3-BF4B-00C04F79EFBC}") = "fizzbuzz_class", "fizzbuzz_class\fizzbuzz_class.csproj", "{65A21E4A-C590-485F-AA97-1B3BBFA7530E}"
EndProject
Project("{FAE04EC0-301F-11D3-BF4B-00C04F79EFBC}") = "Fizzbuzz_console", "Fizzbuzz_console\Fizzbuzz_console.csproj", "{5584926C-C736-4960-A7B7-9232FCEC7AC7}"
EndProject
Project("{FAE04EC0-301F-11D3-BF4B-00C04F79EFBC}") = "FizzBuzzUnitTest", "FizzBuzzUnitTest\FizzBuzzUnitTest.csproj", "{DD605745-8633-41E8-85EE-B0F4099F5F23}"
EndProject
Global
	GlobalSection(SolutionConfigurationPlatforms) = preSolution
		Debug|Any CPU = Debug|Any CPU
		Release|Any CPU = Release|Any CPU
	EndGlobalSection
	GlobalSection(ProjectConfigurationPlatforms) = postSolution
		{65A21E4A-C590-485F-AA97-1B3BBFA7530E}.Debug|Any CPU.ActiveCfg = Debug|Any CPU
		{65A21E4A-C590-485F-AA97-1B3BBFA7530E}.Debug|Any CPU.Build.0 = Debug|Any CPU
		{65A21E4A-C590-485F-AA97-1B3BBFA7530E}.Release|Any CPU.ActiveCfg = Release|Any CPU
		{65A21E4A-C590-485F-AA97-1B3BBFA7530E}.Release|Any CPU.Build.0 = Release|Any CPU
		{5584926C-C736-4960-A7B7-9232FCEC7AC7}.Debug|Any CPU.ActiveCfg = Debug|Any CPU
		{5584926C-C736-4960-A7B7-9232FCEC7AC7}.Debug|Any CPU.Build.0 = Debug|Any CPU
		{5584926C-C736-4960-A7B7-9232FCEC7AC7}.Release|Any CPU.ActiveCfg = Release|Any CPU
		{5584926C-C736-4960-A7B7-9232FCEC7AC7}.Release|Any CPU.Build.0 = Release|Any CPU
		{DD605745-8633-41E8-85EE-B0F4099F5F23}.Debug|Any CPU.ActiveCfg = Debug|Any CPU
		{DD605745-8633-41E8-85EE-B0F4099F5F23}.Debug|Any CPU.Build.0 = Debug|Any CPU
		{DD605745-8633-41E8-85EE-B0F4099F5F23}.Release|Any CPU.ActiveCfg = Release|Any CPU
		{DD605745-8633-41E8-85EE-B0F4099F5F23}.Release|Any CPU.Build.0 = Release|Any CPU
	EndGlobalSection
	GlobalSection(SolutionProperties) = preSolution
		HideSolutionNode = FALSE
	EndGlobalSection
EndGlobal
